
Microsoft Visual Studio Solution File, Format Version 11.00
# Visual Studio 2010
# SharpDevelop 4.4
Project("{FAE04EC0-301F-11D3-BF4B-00C04F79EFBC}") = "TouhouSansBattle_SharpDev", "TouhouSansBattle_SharpDev\TouhouSansBattle_SharpDev.csproj", "{136513B7-2FA7-47C1-A4CE-C3FEBE6F01AA}"
EndProject
Global
	GlobalSection(SolutionConfigurationPlatforms) = preSolution
		Debug|Any CPU = Debug|Any CPU
		Release|Any CPU = Release|Any CPU
	EndGlobalSection
	GlobalSection(ProjectConfigurationPlatforms) = postSolution
		{136513B7-2FA7-47C1-A4CE-C3FEBE6F01AA}.Debug|Any CPU.Build.0 = Debug|Any CPU
		{136513B7-2FA7-47C1-A4CE-C3FEBE6F01AA}.Debug|Any CPU.ActiveCfg = Debug|Any CPU
		{136513B7-2FA7-47C1-A4CE-C3FEBE6F01AA}.Release|Any CPU.Build.0 = Release|Any CPU
		{136513B7-2FA7-47C1-A4CE-C3FEBE6F01AA}.Release|Any CPU.ActiveCfg = Release|Any CPU
	EndGlobalSection
EndGlobal
